version = 1
created_by = "vo mod sync"

[root]
module = "github.com/vo-lang/voplay"
vo = "^0.1.0"

[[resolved]]
path = "github.com/vo-lang/vogui"
version = "v0.1.15"
vo = "^0.1.0"
commit = "4f53eb2674fa8e9c35e068fe0f88f0f2b39c1055"
release_manifest = "sha256:be690cfccedbad1ec0709835b68ebb05ae92acd34c69210b42ad9d5ac9984823"
source = "sha256:8aa13b9a21ec40df723bc6612f5375e84e82ceeb3e0dd18b4fab1550b9d54bd6"
deps = []

[[resolved.artifact]]
kind = "extension-native"
target = "aarch64-apple-darwin"
name = "libvo_vogui.dylib"
size = 1589824
digest = "sha256:c30858bb444dc4cce1e5a3c85a327f9be15c5db0ecb843ee3678cf2b7be174fd"

[[resolved.artifact]]
kind = "extension-native"
target = "x86_64-pc-windows-msvc"
name = "vo_vogui.dll"
size = 1381376
digest = "sha256:61325ca8878deefb15287616b292af44f0674a66528c977a43b5ccba729ffa4d"

[[resolved.artifact]]
kind = "extension-native"
target = "x86_64-unknown-linux-gnu"
name = "libvo_vogui.so"
size = 2065776
digest = "sha256:8d8890d60a593234e883676fae6511b9ffe8bcb5b42d3be2a1a7ca39dc169481"

[[resolved.artifact]]
kind = "extension-wasm"
target = "wasm32-unknown-unknown"
name = "vogui.wasm"
size = 29805
digest = "sha256:83d90c148f58851ffed12ceec24cc641889456c1ffcab3ea40b8f66d4e3aab83"

[[resolved]]
path = "github.com/vo-lang/vopack"
version = "v0.1.2"
vo = "^0.1.0"
commit = "d2063001e66405ad800bdabe0c7e7ff6343149de"
release_manifest = "sha256:dbac1aac7641ff2d61abe05d902c215ba31aa7dac0b67da825c6810ffb05ce33"
source = "sha256:a9018288c427c06c434c623504591ef32a666568de6524ca84af27dd2e6f0f45"
deps = []
